
Microsoft Visual Studio Solution File, Format Version 12.00
# Visual Studio Version 16
VisualStudioVersion = 16.0.31105.61
MinimumVisualStudioVersion = 10.0.40219.1
Project("{FAE04EC0-301F-11D3-BF4B-00C04F79EFBC}") = "Entidades", "Entidades\Entidades.csproj", "{CA1C7CC7-28BB-4D9D-AB38-FFE1A3619A90}"
EndProject
Global
	GlobalSection(SolutionConfigurationPlatforms) = preSolution
		Debug|Any CPU = Debug|Any CPU
		Release|Any CPU = Release|Any CPU
	EndGlobalSection
	GlobalSection(ProjectConfigurationPlatforms) = postSolution
		{CA1C7CC7-28BB-4D9D-AB38-FFE1A3619A90}.Debug|Any CPU.ActiveCfg = Debug|Any CPU
		{CA1C7CC7-28BB-4D9D-AB38-FFE1A3619A90}.Debug|Any CPU.Build.0 = Debug|Any CPU
		{CA1C7CC7-28BB-4D9D-AB38-FFE1A3619A90}.Release|Any CPU.ActiveCfg = Release|Any CPU
		{CA1C7CC7-28BB-4D9D-AB38-FFE1A3619A90}.Release|Any CPU.Build.0 = Release|Any CPU
	EndGlobalSection
	GlobalSection(SolutionProperties) = preSolution
		HideSolutionNode = FALSE
	EndGlobalSection
	GlobalSection(ExtensibilityGlobals) = postSolution
		SolutionGuid = {AD6D8828-624A-4AE8-8402-0C77EDB13818}
	EndGlobalSection
EndGlobal
